{
    "_readme": [
        "This file locks the dependencies of your project to a known state",
        "Read more about it at http://getcomposer.org/doc/01-basic-usage.md#composer-lock-the-lock-file",
        "This file is @generated automatically"
    ],
    "hash": "fa8659af182b7ff85cfc93e58493acbe",
    "packages": [
        {
            "name": "mjackson/optionparser",
            "version": "dev-master",
            "source": {
                "type": "git",
                "url": "https://github.com/mjackson/optionparser.git",
                "reference": "d6777ad1adb7d09eff1fad79a0f1abbd0761599f"
            },
            "dist": {
                "type": "zip",
                "url": "https://api.github.com/repos/mjackson/optionparser/zipball/d6777ad1adb7d09eff1fad79a0f1abbd0761599f",
                "reference": "d6777ad1adb7d09eff1fad79a0f1abbd0761599f",
                "shasum": ""
            },
            "type": "library",
            "autoload": {
                "files": [
                    "lib/OptionParser.php"
                ]
            },
            "notification-url": "https://packagist.org/downloads/",
            "time": "2015-03-17 16:57:12"
        }
    ],
    "packages-dev": [],
    "aliases": [],
    "minimum-stability": "stable",
    "stability-flags": {
        "mjackson/optionparser": 20
    },
    "prefer-stable": false,
    "prefer-lowest": false,
    "platform": [],
    "platform-dev": []
}
